<?xml version="1.0" encoding="utf-8"?>
<Project ToolsVersion="4.0" xmlns="http://schemas.microsoft.com/developer/msbuild/2003">
  <ItemGroup>
    <Filter Include="windows framework">
      <UniqueIdentifier>{c74ea4b9-4fec-4511-afec-a7e45b9e9b60}</UniqueIdentifier>
    </Filter>
    <Filter Include="tinyXML">
      <UniqueIdentifier>{2f337d55-891b-4af8-90ce-60ea6ded799e}</UniqueIdentifier>
    </Filter>
  </ItemGroup>
  <ItemGroup>
    <ClInclude Include="naviHelpers.hpp" />
    <ClInclude Include="framework.h">
      <Filter>windows framework</Filter>
    </ClInclude>
    <ClInclude Include="Resource.h">
      <Filter>windows framework</Filter>
    </ClInclude>
    <ClInclude Include="SNaviWin.h">
      <Filter>windows framework</Filter>
    </ClInclude>
    <ClInclude Include="targetver.h">
      <Filter>windows framework</Filter>
    </ClInclude>
    <ClInclude Include="tinyxml2.h">
      <Filter>tinyXML</Filter>
    </ClInclude>
    <ClInclude Include="CArmCalibration.h" />
    <ClInclude Include="GlobalParams.h" />
    <ClInclude Include="TrackingTask.h" />
    <ClInclude Include="NetworkTask.h" />
    <ClInclude Include="RenderingTask.h" />
  </ItemGroup>
  <ItemGroup>
    <Image Include="small.ico">
      <Filter>windows framework</Filter>
    </Image>
    <Image Include="SNaviWin.ico">
      <Filter>windows framework</Filter>
    </Image>
  </ItemGroup>
  <ItemGroup>
    <ClCompile Include="SNaviWin.cpp" />
    <ClCompile Include="tinyxml2.cpp">
      <Filter>tinyXML</Filter>
    </ClCompile>
    <ClCompile Include="CArmCalibration.cpp" />
    <ClCompile Include="TrackingTask.cpp" />
    <ClCompile Include="NetworkTask.cpp" />
    <ClCompile Include="RenderingTask.cpp" />
  </ItemGroup>
  <ItemGroup>
    <ResourceCompile Include="SNaviWin.rc">
      <Filter>windows framework</Filter>
    </ResourceCompile>
  </ItemGroup>
</Project>