
Microsoft Visual Studio Solution File, Format Version 12.00
# Visual Studio Version 16
VisualStudioVersion = 16.0.33529.622
MinimumVisualStudioVersion = 10.0.40219.1
Project("{8BC9CEB8-8B4A-11D0-8D11-00A0C91BC942}") = "SNaviWin", "SNaviWin\SNaviWin.vcxproj", "{4E6B4EB9-C3B1-4735-BC9F-EC68B529C618}"
	ProjectSection(ProjectDependencies) = postProject
		{6C93712C-9847-4212-8BAA-138F18C127F1} = {6C93712C-9847-4212-8BAA-138F18C127F1}
	EndProjectSection
EndProject
Project("{8BC9CEB8-8B4A-11D0-8D11-00A0C91BC942}") = "optitrk", "optitrk\optitrk.vcxproj", "{6C93712C-9847-4212-8BAA-138F18C127F1}"
EndProject
Project("{8BC9CEB8-8B4A-11D0-8D11-00A0C91BC942}") = "SCalibratorWin", "SCalibratorWin\SCalibratorWin.vcxproj", "{C15AB920-1EF3-484D-9ED5-44D0E1394226}"
EndProject
Project("{8BC9CEB8-8B4A-11D0-8D11-00A0C91BC942}") = "Viewer", "Viewer\Viewer.vcxproj", "{54086463-C5B6-4563-85BA-F83056F487F2}"
EndProject
Global
	GlobalSection(SolutionConfigurationPlatforms) = preSolution
		Debug|x64 = Debug|x64
		Debug|x86 = Debug|x86
		Release|x64 = Release|x64
		Release|x86 = Release|x86
	EndGlobalSection
	GlobalSection(ProjectConfigurationPlatforms) = postSolution
		{4E6B4EB9-C3B1-4735-BC9F-EC68B529C618}.Debug|x64.ActiveCfg = Debug|x64
		{4E6B4EB9-C3B1-4735-BC9F-EC68B529C618}.Debug|x64.Build.0 = Debug|x64
		{4E6B4EB9-C3B1-4735-BC9F-EC68B529C618}.Debug|x86.ActiveCfg = Debug|Win32
		{4E6B4EB9-C3B1-4735-BC9F-EC68B529C618}.Debug|x86.Build.0 = Debug|Win32
		{4E6B4EB9-C3B1-4735-BC9F-EC68B529C618}.Release|x64.ActiveCfg = Release|x64
		{4E6B4EB9-C3B1-4735-BC9F-EC68B529C618}.Release|x64.Build.0 = Release|x64
		{4E6B4EB9-C3B1-4735-BC9F-EC68B529C618}.Release|x86.ActiveCfg = Release|Win32
		{4E6B4EB9-C3B1-4735-BC9F-EC68B529C618}.Release|x86.Build.0 = Release|Win32
		{6C93712C-9847-4212-8BAA-138F18C127F1}.Debug|x64.ActiveCfg = Debug|x64
		{6C93712C-9847-4212-8BAA-138F18C127F1}.Debug|x64.Build.0 = Debug|x64
		{6C93712C-9847-4212-8BAA-138F18C127F1}.Debug|x86.ActiveCfg = Debug|Win32
		{6C93712C-9847-4212-8BAA-138F18C127F1}.Debug|x86.Build.0 = Debug|Win32
		{6C93712C-9847-4212-8BAA-138F18C127F1}.Release|x64.ActiveCfg = Release|x64
		{6C93712C-9847-4212-8BAA-138F18C127F1}.Release|x64.Build.0 = Release|x64
		{6C93712C-9847-4212-8BAA-138F18C127F1}.Release|x86.ActiveCfg = Release|Win32
		{6C93712C-9847-4212-8BAA-138F18C127F1}.Release|x86.Build.0 = Release|Win32
		{C15AB920-1EF3-484D-9ED5-44D0E1394226}.Debug|x64.ActiveCfg = Debug|x64
		{C15AB920-1EF3-484D-9ED5-44D0E1394226}.Debug|x64.Build.0 = Debug|x64
		{C15AB920-1EF3-484D-9ED5-44D0E1394226}.Debug|x86.ActiveCfg = Debug|Win32
		{C15AB920-1EF3-484D-9ED5-44D0E1394226}.Debug|x86.Build.0 = Debug|Win32
		{C15AB920-1EF3-484D-9ED5-44D0E1394226}.Release|x64.ActiveCfg = Release|x64
		{C15AB920-1EF3-484D-9ED5-44D0E1394226}.Release|x64.Build.0 = Release|x64
		{C15AB920-1EF3-484D-9ED5-44D0E1394226}.Release|x86.ActiveCfg = Release|Win32
		{C15AB920-1EF3-484D-9ED5-44D0E1394226}.Release|x86.Build.0 = Release|Win32
		{54086463-C5B6-4563-85BA-F83056F487F2}.Debug|x64.ActiveCfg = Debug|x64
		{54086463-C5B6-4563-85BA-F83056F487F2}.Debug|x64.Build.0 = Debug|x64
		{54086463-C5B6-4563-85BA-F83056F487F2}.Debug|x86.ActiveCfg = Debug|x64
		{54086463-C5B6-4563-85BA-F83056F487F2}.Release|x64.ActiveCfg = Release|x64
		{54086463-C5B6-4563-85BA-F83056F487F2}.Release|x64.Build.0 = Release|x64
		{54086463-C5B6-4563-85BA-F83056F487F2}.Release|x86.ActiveCfg = Release|x64
	EndGlobalSection
	GlobalSection(SolutionProperties) = preSolution
		HideSolutionNode = FALSE
	EndGlobalSection
	GlobalSection(ExtensibilityGlobals) = postSolution
		SolutionGuid = {CF6E8499-333A-443E-8C87-1B7A1BD6E4F0}
	EndGlobalSection
EndGlobal
